
Microsoft Visual Studio Solution File, Format Version 12.00
# Visual Studio Version 17
VisualStudioVersion = 17.0.32014.148
MinimumVisualStudioVersion = 10.0.40219.1
Project("{FAE04EC0-301F-11D3-BF4B-00C04F79EFBC}") = "GETA_TALLER", "GETA_TALLER.csproj", "{600520A8-4503-44DC-85F8-90B85F96B293}"
EndProject
Global
	GlobalSection(SolutionConfigurationPlatforms) = preSolution
		Debug|Any CPU = Debug|Any CPU
		Release|Any CPU = Release|Any CPU
	EndGlobalSection
	GlobalSection(ProjectConfigurationPlatforms) = postSolution
		{600520A8-4503-44DC-85F8-90B85F96B293}.Debug|Any CPU.ActiveCfg = Debug|Any CPU
		{600520A8-4503-44DC-85F8-90B85F96B293}.Debug|Any CPU.Build.0 = Debug|Any CPU
		{600520A8-4503-44DC-85F8-90B85F96B293}.Release|Any CPU.ActiveCfg = Release|Any CPU
		{600520A8-4503-44DC-85F8-90B85F96B293}.Release|Any CPU.Build.0 = Release|Any CPU
	EndGlobalSection
	GlobalSection(SolutionProperties) = preSolution
		HideSolutionNode = FALSE
	EndGlobalSection
	GlobalSection(ExtensibilityGlobals) = postSolution
		SolutionGuid = {31E4EC69-7A16-474C-B79A-DC99C38D9D14}
	EndGlobalSection
EndGlobal
